
Microsoft Visual Studio Solution File, Format Version 12.00
# Visual Studio Version 17
VisualStudioVersion = 17.6.33815.320
MinimumVisualStudioVersion = 10.0.40219.1
Project("{FAE04EC0-301F-11D3-BF4B-00C04F79EFBC}") = "Assisted7", "Assisted7\Assisted7.csproj", "{E5E396C0-CB7F-490B-B1A1-E8E0FC7A3576}"
EndProject
Global
	GlobalSection(SolutionConfigurationPlatforms) = preSolution
		Debug|Any CPU = Debug|Any CPU
		Release|Any CPU = Release|Any CPU
	EndGlobalSection
	GlobalSection(ProjectConfigurationPlatforms) = postSolution
		{E5E396C0-CB7F-490B-B1A1-E8E0FC7A3576}.Debug|Any CPU.ActiveCfg = Debug|Any CPU
		{E5E396C0-CB7F-490B-B1A1-E8E0FC7A3576}.Debug|Any CPU.Build.0 = Debug|Any CPU
		{E5E396C0-CB7F-490B-B1A1-E8E0FC7A3576}.Release|Any CPU.ActiveCfg = Release|Any CPU
		{E5E396C0-CB7F-490B-B1A1-E8E0FC7A3576}.Release|Any CPU.Build.0 = Release|Any CPU
	EndGlobalSection
	GlobalSection(SolutionProperties) = preSolution
		HideSolutionNode = FALSE
	EndGlobalSection
	GlobalSection(ExtensibilityGlobals) = postSolution
		SolutionGuid = {09F930E1-232B-423A-9654-ECA266A2B08A}
	EndGlobalSection
EndGlobal
