
Microsoft Visual Studio Solution File, Format Version 12.00
# Visual Studio Version 17
VisualStudioVersion = 17.6.33815.320
MinimumVisualStudioVersion = 10.0.40219.1
Project("{FAE04EC0-301F-11D3-BF4B-00C04F79EFBC}") = "Assisted5", "Assisted5\Assisted5.csproj", "{51D4E864-D97A-44B9-8BEF-8F5EFE31FDED}"
EndProject
Global
	GlobalSection(SolutionConfigurationPlatforms) = preSolution
		Debug|Any CPU = Debug|Any CPU
		Release|Any CPU = Release|Any CPU
	EndGlobalSection
	GlobalSection(ProjectConfigurationPlatforms) = postSolution
		{51D4E864-D97A-44B9-8BEF-8F5EFE31FDED}.Debug|Any CPU.ActiveCfg = Debug|Any CPU
		{51D4E864-D97A-44B9-8BEF-8F5EFE31FDED}.Debug|Any CPU.Build.0 = Debug|Any CPU
		{51D4E864-D97A-44B9-8BEF-8F5EFE31FDED}.Release|Any CPU.ActiveCfg = Release|Any CPU
		{51D4E864-D97A-44B9-8BEF-8F5EFE31FDED}.Release|Any CPU.Build.0 = Release|Any CPU
	EndGlobalSection
	GlobalSection(SolutionProperties) = preSolution
		HideSolutionNode = FALSE
	EndGlobalSection
	GlobalSection(ExtensibilityGlobals) = postSolution
		SolutionGuid = {707A2E32-CC2A-4B8E-9286-15E4022A6939}
	EndGlobalSection
EndGlobal
